// !$*UTF8*$!
{
	archiveVersion = 1;
	classes = {
	};
	objectVersion = 55;
	objects = {

/* Begin PBXBuildFile section */
		01F41D044EA05C01F3E00223 /* Pods_CountriesOfTheWorld_CountriesOfTheWorldUITests.framework in Frameworks */ = {isa = PBXBuildFile; fileRef = D48FF3F4B713A1823639601C /* Pods_CountriesOfTheWorld_CountriesOfTheWorldUITests.framework */; };
		0268C8AD2768F22F00A4EE96 /* UIStackViewExtensions.swift in Sources */ = {isa = PBXBuildFile; fileRef = 0268C8AC2768F22F00A4EE96 /* UIStackViewExtensions.swift */; };
		1452189F4CE26BEAA8B80740 /* Pods_CountriesOfTheWorld.framework in Frameworks */ = {isa = PBXBuildFile; fileRef = 0B339A3E85E368B375058783 /* Pods_CountriesOfTheWorld.framework */; };
		3448D79B812FD5EB7F7E5DAC /* Pods_CountriesOfTheWorldTests.framework in Frameworks */ = {isa = PBXBuildFile; fileRef = 5F886A67EC4C1E7BE8C3AC6A /* Pods_CountriesOfTheWorldTests.framework */; };
		89101A6E2758C3E600BC6846 /* UIColorExtensions.swift in Sources */ = {isa = PBXBuildFile; fileRef = 89101A6D2758C3E600BC6846 /* UIColorExtensions.swift */; };
		89233D8C27834D2000AF129D /* CountriesDetailsControllerUnitTests.swift in Sources */ = {isa = PBXBuildFile; fileRef = 89233D8B27834D2000AF129D /* CountriesDetailsControllerUnitTests.swift */; };
		89233D902783648E00AF129D /* CellDecoratorViewUnitTests.swift in Sources */ = {isa = PBXBuildFile; fileRef = 89233D8F2783648E00AF129D /* CellDecoratorViewUnitTests.swift */; };
		8938933C274E589100049179 /* .swiftlint.yml in Resources */ = {isa = PBXBuildFile; fileRef = 8938933B274E589100049179 /* .swiftlint.yml */; };
		8940F733277DBCF1001B63F6 /* NetworkManager.swift in Sources */ = {isa = PBXBuildFile; fileRef = 8940F732277DBCF1001B63F6 /* NetworkManager.swift */; };
		8940F737277DE8A5001B63F6 /* UnitTestsMocks.swift in Sources */ = {isa = PBXBuildFile; fileRef = 8940F736277DE8A5001B63F6 /* UnitTestsMocks.swift */; };
		8940F739277DF806001B63F6 /* CountriesControllerUnitTests.swift in Sources */ = {isa = PBXBuildFile; fileRef = 8940F738277DF806001B63F6 /* CountriesControllerUnitTests.swift */; };
		897DC51F27807D3B00F4136A /* CountryViewCellUnitTests.swift in Sources */ = {isa = PBXBuildFile; fileRef = 897DC51E27807D3B00F4136A /* CountryViewCellUnitTests.swift */; };
		899EFCA9274FA0B1006254C4 /* R.generated.swift in Sources */ = {isa = PBXBuildFile; fileRef = 899EFCA8274FA0B1006254C4 /* R.generated.swift */; };
		899EFCAB274FA0CD006254C4 /* Assets.xcassets in Resources */ = {isa = PBXBuildFile; fileRef = 899EFCAA274FA0CD006254C4 /* Assets.xcassets */; };
		89B28F6C274E9E34000C4C91 /* CountriesController.swift in Sources */ = {isa = PBXBuildFile; fileRef = 89B28F6B274E9E34000C4C91 /* CountriesController.swift */; };
		89B28F6F274EAA33000C4C91 /* API.swift in Sources */ = {isa = PBXBuildFile; fileRef = 89B28F6E274EAA33000C4C91 /* API.swift */; };
		89B28F71274EB442000C4C91 /* Apollo.swift in Sources */ = {isa = PBXBuildFile; fileRef = 89B28F70274EB442000C4C91 /* Apollo.swift */; };
		89B28F73274EC812000C4C91 /* CountryDetailsController.swift in Sources */ = {isa = PBXBuildFile; fileRef = 89B28F72274EC812000C4C91 /* CountryDetailsController.swift */; };
		89B28F78274EE7FE000C4C91 /* CountryViewCell.swift in Sources */ = {isa = PBXBuildFile; fileRef = 89B28F77274EE7FE000C4C91 /* CountryViewCell.swift */; };
		89E349EE275A3028007F4459 /* CountriesHeader.swift in Sources */ = {isa = PBXBuildFile; fileRef = 89E349ED275A3028007F4459 /* CountriesHeader.swift */; };
		89E349F4275A640B007F4459 /* CellDecoratorView.swift in Sources */ = {isa = PBXBuildFile; fileRef = 89E349F3275A640B007F4459 /* CellDecoratorView.swift */; };
		89E72683274CE540002C063B /* AppDelegate.swift in Sources */ = {isa = PBXBuildFile; fileRef = 89E72682274CE540002C063B /* AppDelegate.swift */; };
		89E72685274CE540002C063B /* SceneDelegate.swift in Sources */ = {isa = PBXBuildFile; fileRef = 89E72684274CE540002C063B /* SceneDelegate.swift */; };
		89E7268D274CE540002C063B /* (null) in Sources */ = {isa = PBXBuildFile; };
		89E7269D274CE542002C063B /* CountriesExtensionsUnitTests.swift in Sources */ = {isa = PBXBuildFile; fileRef = 89E7269C274CE542002C063B /* CountriesExtensionsUnitTests.swift */; };
		89E726A7274CE542002C063B /* CountriesUITests.swift in Sources */ = {isa = PBXBuildFile; fileRef = 89E726A6274CE542002C063B /* CountriesUITests.swift */; };
		89E726A9274CE542002C063B /* CountriesUITestsLaunchTests.swift in Sources */ = {isa = PBXBuildFile; fileRef = 89E726A8274CE542002C063B /* CountriesUITestsLaunchTests.swift */; };
		89E91A7E27616A7000C23801 /* UILabelExtensions.swift in Sources */ = {isa = PBXBuildFile; fileRef = 89E91A7D27616A7000C23801 /* UILabelExtensions.swift */; };
		89E91A8027617FAA00C23801 /* CountriesDetailsHeader.swift in Sources */ = {isa = PBXBuildFile; fileRef = 89E91A7F27617FAA00C23801 /* CountriesDetailsHeader.swift */; };
		89E91A8327618EE100C23801 /* DetailsFieldPlaceHolderView.swift in Sources */ = {isa = PBXBuildFile; fileRef = 89E91A8227618EE100C23801 /* DetailsFieldPlaceHolderView.swift */; };
/* End PBXBuildFile section */

/* Begin PBXContainerItemProxy section */
		89E72699274CE542002C063B /* PBXContainerItemProxy */ = {
			isa = PBXContainerItemProxy;
			containerPortal = 89E72677274CE540002C063B /* Project object */;
			proxyType = 1;
			remoteGlobalIDString = 89E7267E274CE540002C063B;
			remoteInfo = Countries;
		};
		89E726A3274CE542002C063B /* PBXContainerItemProxy */ = {
			isa = PBXContainerItemProxy;
			containerPortal = 89E72677274CE540002C063B /* Project object */;
			proxyType = 1;
			remoteGlobalIDString = 89E7267E274CE540002C063B;
			remoteInfo = Countries;
		};
/* End PBXContainerItemProxy section */

/* Begin PBXFileReference section */
		0268C8AC2768F22F00A4EE96 /* UIStackViewExtensions.swift */ = {isa = PBXFileReference; lastKnownFileType = sourcecode.swift; path = UIStackViewExtensions.swift; sourceTree = "<group>"; };
		0B339A3E85E368B375058783 /* Pods_CountriesOfTheWorld.framework */ = {isa = PBXFileReference; explicitFileType = wrapper.framework; includeInIndex = 0; path = Pods_CountriesOfTheWorld.framework; sourceTree = BUILT_PRODUCTS_DIR; };
		11588C6401F836E9AB91AC86 /* Pods-Countries.release.xcconfig */ = {isa = PBXFileReference; includeInIndex = 1; lastKnownFileType = text.xcconfig; name = "Pods-Countries.release.xcconfig"; path = "Target Support Files/Pods-Countries/Pods-Countries.release.xcconfig"; sourceTree = "<group>"; };
		1FF108E23FC207D4C65E517D /* Pods-CountriesTests.debug.xcconfig */ = {isa = PBXFileReference; includeInIndex = 1; lastKnownFileType = text.xcconfig; name = "Pods-CountriesTests.debug.xcconfig"; path = "Target Support Files/Pods-CountriesTests/Pods-CountriesTests.debug.xcconfig"; sourceTree = "<group>"; };
		2DE6A54747BA7A39A8EB302C /* Pods-CountriesTests.release.xcconfig */ = {isa = PBXFileReference; includeInIndex = 1; lastKnownFileType = text.xcconfig; name = "Pods-CountriesTests.release.xcconfig"; path = "Target Support Files/Pods-CountriesTests/Pods-CountriesTests.release.xcconfig"; sourceTree = "<group>"; };
		2FA7A4017883703FBD33B733 /* Pods-CountriesOfTheWorldTests.release.xcconfig */ = {isa = PBXFileReference; includeInIndex = 1; lastKnownFileType = text.xcconfig; name = "Pods-CountriesOfTheWorldTests.release.xcconfig"; path = "Target Support Files/Pods-CountriesOfTheWorldTests/Pods-CountriesOfTheWorldTests.release.xcconfig"; sourceTree = "<group>"; };
		4637B7DBEBE495C975CE82E1 /* Pods-CountriesOfTheWorld-CountriesOfTheWorldUITests.release.xcconfig */ = {isa = PBXFileReference; includeInIndex = 1; lastKnownFileType = text.xcconfig; name = "Pods-CountriesOfTheWorld-CountriesOfTheWorldUITests.release.xcconfig"; path = "Target Support Files/Pods-CountriesOfTheWorld-CountriesOfTheWorldUITests/Pods-CountriesOfTheWorld-CountriesOfTheWorldUITests.release.xcconfig"; sourceTree = "<group>"; };
		5F886A67EC4C1E7BE8C3AC6A /* Pods_CountriesOfTheWorldTests.framework */ = {isa = PBXFileReference; explicitFileType = wrapper.framework; includeInIndex = 0; path = Pods_CountriesOfTheWorldTests.framework; sourceTree = BUILT_PRODUCTS_DIR; };
		6DD02905DE6C4A670BC8947E /* Pods-CountriesOfTheWorld.debug.xcconfig */ = {isa = PBXFileReference; includeInIndex = 1; lastKnownFileType = text.xcconfig; name = "Pods-CountriesOfTheWorld.debug.xcconfig"; path = "Target Support Files/Pods-CountriesOfTheWorld/Pods-CountriesOfTheWorld.debug.xcconfig"; sourceTree = "<group>"; };
		71919E02F7A983D922DC1842 /* Pods-Countries-CountriesUITests.release.xcconfig */ = {isa = PBXFileReference; includeInIndex = 1; lastKnownFileType = text.xcconfig; name = "Pods-Countries-CountriesUITests.release.xcconfig"; path = "Target Support Files/Pods-Countries-CountriesUITests/Pods-Countries-CountriesUITests.release.xcconfig"; sourceTree = "<group>"; };
		75A6969D22C2C5DF478B7E0F /* Pods-Countries.debug.xcconfig */ = {isa = PBXFileReference; includeInIndex = 1; lastKnownFileType = text.xcconfig; name = "Pods-Countries.debug.xcconfig"; path = "Target Support Files/Pods-Countries/Pods-Countries.debug.xcconfig"; sourceTree = "<group>"; };
		83E41B164AE13785989C8084 /* Pods-CountriesOfTheWorld-CountriesOfTheWorldUITests.debug.xcconfig */ = {isa = PBXFileReference; includeInIndex = 1; lastKnownFileType = text.xcconfig; name = "Pods-CountriesOfTheWorld-CountriesOfTheWorldUITests.debug.xcconfig"; path = "Target Support Files/Pods-CountriesOfTheWorld-CountriesOfTheWorldUITests/Pods-CountriesOfTheWorld-CountriesOfTheWorldUITests.debug.xcconfig"; sourceTree = "<group>"; };
		89101A6D2758C3E600BC6846 /* UIColorExtensions.swift */ = {isa = PBXFileReference; lastKnownFileType = sourcecode.swift; path = UIColorExtensions.swift; sourceTree = "<group>"; };
		89233D8B27834D2000AF129D /* CountriesDetailsControllerUnitTests.swift */ = {isa = PBXFileReference; lastKnownFileType = sourcecode.swift; path = CountriesDetailsControllerUnitTests.swift; sourceTree = "<group>"; };
		89233D8F2783648E00AF129D /* CellDecoratorViewUnitTests.swift */ = {isa = PBXFileReference; lastKnownFileType = sourcecode.swift; path = CellDecoratorViewUnitTests.swift; sourceTree = "<group>"; };
		8938933B274E589100049179 /* .swiftlint.yml */ = {isa = PBXFileReference; lastKnownFileType = text.yaml; path = .swiftlint.yml; sourceTree = "<group>"; };
		8940F732277DBCF1001B63F6 /* NetworkManager.swift */ = {isa = PBXFileReference; lastKnownFileType = sourcecode.swift; path = NetworkManager.swift; sourceTree = "<group>"; };
		8940F736277DE8A5001B63F6 /* UnitTestsMocks.swift */ = {isa = PBXFileReference; lastKnownFileType = sourcecode.swift; path = UnitTestsMocks.swift; sourceTree = "<group>"; };
		8940F738277DF806001B63F6 /* CountriesControllerUnitTests.swift */ = {isa = PBXFileReference; lastKnownFileType = sourcecode.swift; path = CountriesControllerUnitTests.swift; sourceTree = "<group>"; };
		897DC51E27807D3B00F4136A /* CountryViewCellUnitTests.swift */ = {isa = PBXFileReference; lastKnownFileType = sourcecode.swift; path = CountryViewCellUnitTests.swift; sourceTree = "<group>"; };
		899EFCA8274FA0B1006254C4 /* R.generated.swift */ = {isa = PBXFileReference; fileEncoding = 4; lastKnownFileType = sourcecode.swift; path = R.generated.swift; sourceTree = SOURCE_ROOT; };
		899EFCAA274FA0CD006254C4 /* Assets.xcassets */ = {isa = PBXFileReference; lastKnownFileType = folder.assetcatalog; path = Assets.xcassets; sourceTree = "<group>"; };
		89B28F6B274E9E34000C4C91 /* CountriesController.swift */ = {isa = PBXFileReference; lastKnownFileType = sourcecode.swift; path = CountriesController.swift; sourceTree = "<group>"; };
		89B28F6E274EAA33000C4C91 /* API.swift */ = {isa = PBXFileReference; fileEncoding = 4; lastKnownFileType = sourcecode.swift; path = API.swift; sourceTree = "<group>"; };
		89B28F70274EB442000C4C91 /* Apollo.swift */ = {isa = PBXFileReference; lastKnownFileType = sourcecode.swift; path = Apollo.swift; sourceTree = "<group>"; };
		89B28F72274EC812000C4C91 /* CountryDetailsController.swift */ = {isa = PBXFileReference; lastKnownFileType = sourcecode.swift; path = CountryDetailsController.swift; sourceTree = "<group>"; };
		89B28F77274EE7FE000C4C91 /* CountryViewCell.swift */ = {isa = PBXFileReference; lastKnownFileType = sourcecode.swift; path = CountryViewCell.swift; sourceTree = "<group>"; };
		89E349ED275A3028007F4459 /* CountriesHeader.swift */ = {isa = PBXFileReference; lastKnownFileType = sourcecode.swift; path = CountriesHeader.swift; sourceTree = "<group>"; };
		89E349F3275A640B007F4459 /* CellDecoratorView.swift */ = {isa = PBXFileReference; lastKnownFileType = sourcecode.swift; path = CellDecoratorView.swift; sourceTree = "<group>"; };
		89E7267F274CE540002C063B /* CountriesOfTheWorld.app */ = {isa = PBXFileReference; explicitFileType = wrapper.application; includeInIndex = 0; path = CountriesOfTheWorld.app; sourceTree = BUILT_PRODUCTS_DIR; };
		89E72682274CE540002C063B /* AppDelegate.swift */ = {isa = PBXFileReference; lastKnownFileType = sourcecode.swift; path = AppDelegate.swift; sourceTree = "<group>"; };
		89E72684274CE540002C063B /* SceneDelegate.swift */ = {isa = PBXFileReference; lastKnownFileType = sourcecode.swift; path = SceneDelegate.swift; sourceTree = "<group>"; };
		89E72693274CE542002C063B /* Info.plist */ = {isa = PBXFileReference; lastKnownFileType = text.plist.xml; path = Info.plist; sourceTree = "<group>"; };
		89E72698274CE542002C063B /* CountriesOfTheWorldTests.xctest */ = {isa = PBXFileReference; explicitFileType = wrapper.cfbundle; includeInIndex = 0; path = CountriesOfTheWorldTests.xctest; sourceTree = BUILT_PRODUCTS_DIR; };
		89E7269C274CE542002C063B /* CountriesExtensionsUnitTests.swift */ = {isa = PBXFileReference; lastKnownFileType = sourcecode.swift; path = CountriesExtensionsUnitTests.swift; sourceTree = "<group>"; };
		89E726A2274CE542002C063B /* CountriesOfTheWorldUITests.xctest */ = {isa = PBXFileReference; explicitFileType = wrapper.cfbundle; includeInIndex = 0; path = CountriesOfTheWorldUITests.xctest; sourceTree = BUILT_PRODUCTS_DIR; };
		89E726A6274CE542002C063B /* CountriesUITests.swift */ = {isa = PBXFileReference; lastKnownFileType = sourcecode.swift; path = CountriesUITests.swift; sourceTree = "<group>"; };
		89E726A8274CE542002C063B /* CountriesUITestsLaunchTests.swift */ = {isa = PBXFileReference; lastKnownFileType = sourcecode.swift; path = CountriesUITestsLaunchTests.swift; sourceTree = "<group>"; };
		89E91A7D27616A7000C23801 /* UILabelExtensions.swift */ = {isa = PBXFileReference; lastKnownFileType = sourcecode.swift; path = UILabelExtensions.swift; sourceTree = "<group>"; };
		89E91A7F27617FAA00C23801 /* CountriesDetailsHeader.swift */ = {isa = PBXFileReference; lastKnownFileType = sourcecode.swift; path = CountriesDetailsHeader.swift; sourceTree = "<group>"; };
		89E91A8227618EE100C23801 /* DetailsFieldPlaceHolderView.swift */ = {isa = PBXFileReference; lastKnownFileType = sourcecode.swift; path = DetailsFieldPlaceHolderView.swift; sourceTree = "<group>"; };
		AF6454366D8951FE5B7FF4DD /* Pods-Countries-CountriesUITests.debug.xcconfig */ = {isa = PBXFileReference; includeInIndex = 1; lastKnownFileType = text.xcconfig; name = "Pods-Countries-CountriesUITests.debug.xcconfig"; path = "Target Support Files/Pods-Countries-CountriesUITests/Pods-Countries-CountriesUITests.debug.xcconfig"; sourceTree = "<group>"; };
		D3EE404D49C854E7C4C15868 /* Pods-CountriesOfTheWorldTests.debug.xcconfig */ = {isa = PBXFileReference; includeInIndex = 1; lastKnownFileType = text.xcconfig; name = "Pods-CountriesOfTheWorldTests.debug.xcconfig"; path = "Target Support Files/Pods-CountriesOfTheWorldTests/Pods-CountriesOfTheWorldTests.debug.xcconfig"; sourceTree = "<group>"; };
		D48FF3F4B713A1823639601C /* Pods_CountriesOfTheWorld_CountriesOfTheWorldUITests.framework */ = {isa = PBXFileReference; explicitFileType = wrapper.framework; includeInIndex = 0; path = Pods_CountriesOfTheWorld_CountriesOfTheWorldUITests.framework; sourceTree = BUILT_PRODUCTS_DIR; };
		F8756F469F99BD13EFA57A65 /* Pods-CountriesOfTheWorld.release.xcconfig */ = {isa = PBXFileReference; includeInIndex = 1; lastKnownFileType = text.xcconfig; name = "Pods-CountriesOfTheWorld.release.xcconfig"; path = "Target Support Files/Pods-CountriesOfTheWorld/Pods-CountriesOfTheWorld.release.xcconfig"; sourceTree = "<group>"; };
/* End PBXFileReference section */

/* Begin PBXFrameworksBuildPhase section */
		89E7267C274CE540002C063B /* Frameworks */ = {
			isa = PBXFrameworksBuildPhase;
			buildActionMask = 2147483647;
			files = (
				1452189F4CE26BEAA8B80740 /* Pods_CountriesOfTheWorld.framework in Frameworks */,
			);
			runOnlyForDeploymentPostprocessing = 0;
		};
		89E72695274CE542002C063B /* Frameworks */ = {
			isa = PBXFrameworksBuildPhase;
			buildActionMask = 2147483647;
			files = (
				3448D79B812FD5EB7F7E5DAC /* Pods_CountriesOfTheWorldTests.framework in Frameworks */,
			);
			runOnlyForDeploymentPostprocessing = 0;
		};
		89E7269F274CE542002C063B /* Frameworks */ = {
			isa = PBXFrameworksBuildPhase;
			buildActionMask = 2147483647;
			files = (
				01F41D044EA05C01F3E00223 /* Pods_CountriesOfTheWorld_CountriesOfTheWorldUITests.framework in Frameworks */,
			);
			runOnlyForDeploymentPostprocessing = 0;
		};
/* End PBXFrameworksBuildPhase section */

/* Begin PBXGroup section */
		666F228FDE41FFEA2BFADAA7 /* Pods */ = {
			isa = PBXGroup;
			children = (
				75A6969D22C2C5DF478B7E0F /* Pods-Countries.debug.xcconfig */,
				11588C6401F836E9AB91AC86 /* Pods-Countries.release.xcconfig */,
				AF6454366D8951FE5B7FF4DD /* Pods-Countries-CountriesUITests.debug.xcconfig */,
				71919E02F7A983D922DC1842 /* Pods-Countries-CountriesUITests.release.xcconfig */,
				1FF108E23FC207D4C65E517D /* Pods-CountriesTests.debug.xcconfig */,
				2DE6A54747BA7A39A8EB302C /* Pods-CountriesTests.release.xcconfig */,
				6DD02905DE6C4A670BC8947E /* Pods-CountriesOfTheWorld.debug.xcconfig */,
				F8756F469F99BD13EFA57A65 /* Pods-CountriesOfTheWorld.release.xcconfig */,
				83E41B164AE13785989C8084 /* Pods-CountriesOfTheWorld-CountriesOfTheWorldUITests.debug.xcconfig */,
				4637B7DBEBE495C975CE82E1 /* Pods-CountriesOfTheWorld-CountriesOfTheWorldUITests.release.xcconfig */,
				D3EE404D49C854E7C4C15868 /* Pods-CountriesOfTheWorldTests.debug.xcconfig */,
				2FA7A4017883703FBD33B733 /* Pods-CountriesOfTheWorldTests.release.xcconfig */,
			);
			path = Pods;
			sourceTree = "<group>";
		};
		7ED4BBE8D9CED71312C6AD31 /* Frameworks */ = {
			isa = PBXGroup;
			children = (
				0B339A3E85E368B375058783 /* Pods_CountriesOfTheWorld.framework */,
				D48FF3F4B713A1823639601C /* Pods_CountriesOfTheWorld_CountriesOfTheWorldUITests.framework */,
				5F886A67EC4C1E7BE8C3AC6A /* Pods_CountriesOfTheWorldTests.framework */,
			);
			name = Frameworks;
			sourceTree = "<group>";
		};
		89101A6C2758C38600BC6846 /* Extensions */ = {
			isa = PBXGroup;
			children = (
				89101A6D2758C3E600BC6846 /* UIColorExtensions.swift */,
				89E91A7D27616A7000C23801 /* UILabelExtensions.swift */,
				0268C8AC2768F22F00A4EE96 /* UIStackViewExtensions.swift */,
			);
			path = Extensions;
			sourceTree = "<group>";
		};
		899EFCA7274FA039006254C4 /* Resources */ = {
			isa = PBXGroup;
			children = (
				899EFCAA274FA0CD006254C4 /* Assets.xcassets */,
				899EFCA8274FA0B1006254C4 /* R.generated.swift */,
			);
			path = Resources;
			sourceTree = "<group>";
		};
		89B28F6D274EA9F4000C4C91 /* ViewControllers */ = {
			isa = PBXGroup;
			children = (
				89B28F6B274E9E34000C4C91 /* CountriesController.swift */,
				89B28F72274EC812000C4C91 /* CountryDetailsController.swift */,
			);
			path = ViewControllers;
			sourceTree = "<group>";
		};
		89E349EC275A3009007F4459 /* Headers */ = {
			isa = PBXGroup;
			children = (
				89E349ED275A3028007F4459 /* CountriesHeader.swift */,
				89E91A7F27617FAA00C23801 /* CountriesDetailsHeader.swift */,
			);
			path = Headers;
			sourceTree = "<group>";
		};
		89E72676274CE540002C063B = {
			isa = PBXGroup;
			children = (
				8938933B274E589100049179 /* .swiftlint.yml */,
				89E72681274CE540002C063B /* CountriesOfTheWorld */,
				89E7269B274CE542002C063B /* CountriesOfTheWorldTests */,
				89E726A5274CE542002C063B /* CountriesOfTheWorldUITests */,
				89E72680274CE540002C063B /* Products */,
				666F228FDE41FFEA2BFADAA7 /* Pods */,
				7ED4BBE8D9CED71312C6AD31 /* Frameworks */,
			);
			sourceTree = "<group>";
		};
		89E72680274CE540002C063B /* Products */ = {
			isa = PBXGroup;
			children = (
				89E7267F274CE540002C063B /* CountriesOfTheWorld.app */,
				89E72698274CE542002C063B /* CountriesOfTheWorldTests.xctest */,
				89E726A2274CE542002C063B /* CountriesOfTheWorldUITests.xctest */,
			);
			name = Products;
			sourceTree = "<group>";
		};
		89E72681274CE540002C063B /* CountriesOfTheWorld */ = {
			isa = PBXGroup;
			children = (
				89B28F70274EB442000C4C91 /* Apollo.swift */,
				89B28F6E274EAA33000C4C91 /* API.swift */,
				89E72682274CE540002C063B /* AppDelegate.swift */,
				89E72684274CE540002C063B /* SceneDelegate.swift */,
				89E72693274CE542002C063B /* Info.plist */,
				89E91A8127618EA600C23801 /* Views */,
				89E349EC275A3009007F4459 /* Headers */,
				89101A6C2758C38600BC6846 /* Extensions */,
				899EFCA7274FA039006254C4 /* Resources */,
				89B28F6D274EA9F4000C4C91 /* ViewControllers */,
				8940F732277DBCF1001B63F6 /* NetworkManager.swift */,
			);
			path = CountriesOfTheWorld;
			sourceTree = "<group>";
		};
		89E7269B274CE542002C063B /* CountriesOfTheWorldTests */ = {
			isa = PBXGroup;
			children = (
				89E7269C274CE542002C063B /* CountriesExtensionsUnitTests.swift */,
				8940F736277DE8A5001B63F6 /* UnitTestsMocks.swift */,
				8940F738277DF806001B63F6 /* CountriesControllerUnitTests.swift */,
				897DC51E27807D3B00F4136A /* CountryViewCellUnitTests.swift */,
				89233D8B27834D2000AF129D /* CountriesDetailsControllerUnitTests.swift */,
				89233D8F2783648E00AF129D /* CellDecoratorViewUnitTests.swift */,
			);
			path = CountriesOfTheWorldTests;
			sourceTree = "<group>";
		};
		89E726A5274CE542002C063B /* CountriesOfTheWorldUITests */ = {
			isa = PBXGroup;
			children = (
				89E726A6274CE542002C063B /* CountriesUITests.swift */,
				89E726A8274CE542002C063B /* CountriesUITestsLaunchTests.swift */,
			);
			path = CountriesOfTheWorldUITests;
			sourceTree = "<group>";
		};
		89E91A8127618EA600C23801 /* Views */ = {
			isa = PBXGroup;
			children = (
				89E91A8227618EE100C23801 /* DetailsFieldPlaceHolderView.swift */,
				89B28F77274EE7FE000C4C91 /* CountryViewCell.swift */,
				89E349F3275A640B007F4459 /* CellDecoratorView.swift */,
			);
			path = Views;
			sourceTree = "<group>";
		};
/* End PBXGroup section */

/* Begin PBXNativeTarget section */
		89E7267E274CE540002C063B /* CountriesOfTheWorld */ = {
			isa = PBXNativeTarget;
			buildConfigurationList = 89E726AC274CE542002C063B /* Build configuration list for PBXNativeTarget "CountriesOfTheWorld" */;
			buildPhases = (
				F8AD4D384AEC78769D17ECCA /* [CP] Check Pods Manifest.lock */,
				89B372E1274E57CE004AF1BE /* Generate Apollo GraphQL API */,
				89B372DF274E5777004AF1BE /* RSwift */,
				89B372E0274E57AC004AF1BE /* SwiftLint */,
				89E7267B274CE540002C063B /* Sources */,
				89E7267C274CE540002C063B /* Frameworks */,
				89E7267D274CE540002C063B /* Resources */,
				A4A95D5615E12E2342B69A34 /* [CP] Embed Pods Frameworks */,
			);
			buildRules = (
			);
			dependencies = (
			);
			name = CountriesOfTheWorld;
			productName = Countries;
			productReference = 89E7267F274CE540002C063B /* CountriesOfTheWorld.app */;
			productType = "com.apple.product-type.application";
		};
		89E72697274CE542002C063B /* CountriesOfTheWorldTests */ = {
			isa = PBXNativeTarget;
			buildConfigurationList = 89E726AF274CE542002C063B /* Build configuration list for PBXNativeTarget "CountriesOfTheWorldTests" */;
			buildPhases = (
				EFCA0635EDE99103D910FF33 /* [CP] Check Pods Manifest.lock */,
				89E72694274CE542002C063B /* Sources */,
				89E72695274CE542002C063B /* Frameworks */,
				89E72696274CE542002C063B /* Resources */,
			);
			buildRules = (
			);
			dependencies = (
				89E7269A274CE542002C063B /* PBXTargetDependency */,
			);
			name = CountriesOfTheWorldTests;
			productName = CountriesTests;
			productReference = 89E72698274CE542002C063B /* CountriesOfTheWorldTests.xctest */;
			productType = "com.apple.product-type.bundle.unit-test";
		};
		89E726A1274CE542002C063B /* CountriesOfTheWorldUITests */ = {
			isa = PBXNativeTarget;
			buildConfigurationList = 89E726B2274CE542002C063B /* Build configuration list for PBXNativeTarget "CountriesOfTheWorldUITests" */;
			buildPhases = (
				D2637CCDE8C2201566D534C3 /* [CP] Check Pods Manifest.lock */,
				89E7269E274CE542002C063B /* Sources */,
				89E7269F274CE542002C063B /* Frameworks */,
				89E726A0274CE542002C063B /* Resources */,
				7A5F0359886F32A5BA9B8A1B /* [CP] Embed Pods Frameworks */,
			);
			buildRules = (
			);
			dependencies = (
				89E726A4274CE542002C063B /* PBXTargetDependency */,
			);
			name = CountriesOfTheWorldUITests;
			productName = CountriesUITests;
			productReference = 89E726A2274CE542002C063B /* CountriesOfTheWorldUITests.xctest */;
			productType = "com.apple.product-type.bundle.ui-testing";
		};
/* End PBXNativeTarget section */

/* Begin PBXProject section */
		89E72677274CE540002C063B /* Project object */ = {
			isa = PBXProject;
			attributes = {
				BuildIndependentTargetsInParallel = 1;
				LastSwiftUpdateCheck = 1310;
				LastUpgradeCheck = 1310;
				TargetAttributes = {
					89E7267E274CE540002C063B = {
						CreatedOnToolsVersion = 13.1;
					};
					89E72697274CE542002C063B = {
						CreatedOnToolsVersion = 13.1;
						TestTargetID = 89E7267E274CE540002C063B;
					};
					89E726A1274CE542002C063B = {
						CreatedOnToolsVersion = 13.1;
						TestTargetID = 89E7267E274CE540002C063B;
					};
				};
			};
			buildConfigurationList = 89E7267A274CE540002C063B /* Build configuration list for PBXProject "CountriesOfTheWorld" */;
			compatibilityVersion = "Xcode 13.0";
			developmentRegion = en;
			hasScannedForEncodings = 0;
			knownRegions = (
				en,
				Base,
			);
			mainGroup = 89E72676274CE540002C063B;
			productRefGroup = 89E72680274CE540002C063B /* Products */;
			projectDirPath = "";
			projectRoot = "";
			targets = (
				89E7267E274CE540002C063B /* CountriesOfTheWorld */,
				89E72697274CE542002C063B /* CountriesOfTheWorldTests */,
				89E726A1274CE542002C063B /* CountriesOfTheWorldUITests */,
			);
		};
/* End PBXProject section */

/* Begin PBXResourcesBuildPhase section */
		89E7267D274CE540002C063B /* Resources */ = {
			isa = PBXResourcesBuildPhase;
			buildActionMask = 2147483647;
			files = (
				899EFCAB274FA0CD006254C4 /* Assets.xcassets in Resources */,
				8938933C274E589100049179 /* .swiftlint.yml in Resources */,
			);
			runOnlyForDeploymentPostprocessing = 0;
		};
		89E72696274CE542002C063B /* Resources */ = {
			isa = PBXResourcesBuildPhase;
			buildActionMask = 2147483647;
			files = (
			);
			runOnlyForDeploymentPostprocessing = 0;
		};
		89E726A0274CE542002C063B /* Resources */ = {
			isa = PBXResourcesBuildPhase;
			buildActionMask = 2147483647;
			files = (
			);
			runOnlyForDeploymentPostprocessing = 0;
		};
/* End PBXResourcesBuildPhase section */

/* Begin PBXShellScriptBuildPhase section */
		7A5F0359886F32A5BA9B8A1B /* [CP] Embed Pods Frameworks */ = {
			isa = PBXShellScriptBuildPhase;
			buildActionMask = 2147483647;
			files = (
			);
			inputFileListPaths = (
				"${PODS_ROOT}/Target Support Files/Pods-CountriesOfTheWorld-CountriesOfTheWorldUITests/Pods-CountriesOfTheWorld-CountriesOfTheWorldUITests-frameworks-${CONFIGURATION}-input-files.xcfilelist",
			);
			name = "[CP] Embed Pods Frameworks";
			outputFileListPaths = (
				"${PODS_ROOT}/Target Support Files/Pods-CountriesOfTheWorld-CountriesOfTheWorldUITests/Pods-CountriesOfTheWorld-CountriesOfTheWorldUITests-frameworks-${CONFIGURATION}-output-files.xcfilelist",
			);
			runOnlyForDeploymentPostprocessing = 0;
			shellPath = /bin/sh;
			shellScript = "\"${PODS_ROOT}/Target Support Files/Pods-CountriesOfTheWorld-CountriesOfTheWorldUITests/Pods-CountriesOfTheWorld-CountriesOfTheWorldUITests-frameworks.sh\"\n";
			showEnvVarsInLog = 0;
		};
		89B372DF274E5777004AF1BE /* RSwift */ = {
			isa = PBXShellScriptBuildPhase;
			alwaysOutOfDate = 1;
			buildActionMask = 2147483647;
			files = (
			);
			inputFileListPaths = (
			);
			inputPaths = (
			);
			name = RSwift;
			outputFileListPaths = (
			);
			outputPaths = (
				$SRCROOT/R.generated.swift,
			);
			runOnlyForDeploymentPostprocessing = 0;
			shellPath = /bin/sh;
			shellScript = "\"$PODS_ROOT/R.swift/rswift\" generate \"$SRCROOT/R.generated.swift\"\n";
		};
		89B372E0274E57AC004AF1BE /* SwiftLint */ = {
			isa = PBXShellScriptBuildPhase;
			buildActionMask = 2147483647;
			files = (
			);
			inputFileListPaths = (
			);
			inputPaths = (
			);
			name = SwiftLint;
			outputFileListPaths = (
			);
			outputPaths = (
			);
			runOnlyForDeploymentPostprocessing = 0;
			shellPath = /bin/sh;
			shellScript = "${PODS_ROOT}/SwiftLint/swiftlint\n";
		};
		89B372E1274E57CE004AF1BE /* Generate Apollo GraphQL API */ = {
			isa = PBXShellScriptBuildPhase;
			buildActionMask = 2147483647;
			files = (
			);
			inputFileListPaths = (
			);
			inputPaths = (
			);
			name = "Generate Apollo GraphQL API";
			outputFileListPaths = (
			);
			outputPaths = (
			);
			runOnlyForDeploymentPostprocessing = 0;
			shellPath = /bin/sh;
			shellScript = "SCRIPT_PATH=\"${PODS_ROOT}/Apollo/scripts\"\ncd \"${SRCROOT}/${TARGET_NAME}\"\n\"${SCRIPT_PATH}\"/run-bundled-codegen.sh codegen:generate --target=swift --includes=./**/*.graphql --localSchemaFile=\"schema.json\" API.swift\n";
		};
		A4A95D5615E12E2342B69A34 /* [CP] Embed Pods Frameworks */ = {
			isa = PBXShellScriptBuildPhase;
			buildActionMask = 2147483647;
			files = (
			);
			inputFileListPaths = (
				"${PODS_ROOT}/Target Support Files/Pods-CountriesOfTheWorld/Pods-CountriesOfTheWorld-frameworks-${CONFIGURATION}-input-files.xcfilelist",
			);
			name = "[CP] Embed Pods Frameworks";
			outputFileListPaths = (
				"${PODS_ROOT}/Target Support Files/Pods-CountriesOfTheWorld/Pods-CountriesOfTheWorld-frameworks-${CONFIGURATION}-output-files.xcfilelist",
			);
			runOnlyForDeploymentPostprocessing = 0;
			shellPath = /bin/sh;
			shellScript = "\"${PODS_ROOT}/Target Support Files/Pods-CountriesOfTheWorld/Pods-CountriesOfTheWorld-frameworks.sh\"\n";
			showEnvVarsInLog = 0;
		};
		D2637CCDE8C2201566D534C3 /* [CP] Check Pods Manifest.lock */ = {
			isa = PBXShellScriptBuildPhase;
			buildActionMask = 2147483647;
			files = (
			);
			inputFileListPaths = (
			);
			inputPaths = (
				"${PODS_PODFILE_DIR_PATH}/Podfile.lock",
				"${PODS_ROOT}/Manifest.lock",
			);
			name = "[CP] Check Pods Manifest.lock";
			outputFileListPaths = (
			);
			outputPaths = (
				"$(DERIVED_FILE_DIR)/Pods-CountriesOfTheWorld-CountriesOfTheWorldUITests-checkManifestLockResult.txt",
			);
			runOnlyForDeploymentPostprocessing = 0;
			shellPath = /bin/sh;
			shellScript = "diff \"${PODS_PODFILE_DIR_PATH}/Podfile.lock\" \"${PODS_ROOT}/Manifest.lock\" > /dev/null\nif [ $? != 0 ] ; then\n    # print error to STDERR\n    echo \"error: The sandbox is not in sync with the Podfile.lock. Run 'pod install' or update your CocoaPods installation.\" >&2\n    exit 1\nfi\n# This output is used by Xcode 'outputs' to avoid re-running this script phase.\necho \"SUCCESS\" > \"${SCRIPT_OUTPUT_FILE_0}\"\n";
			showEnvVarsInLog = 0;
		};
		EFCA0635EDE99103D910FF33 /* [CP] Check Pods Manifest.lock */ = {
			isa = PBXShellScriptBuildPhase;
			buildActionMask = 2147483647;
			files = (
			);
			inputFileListPaths = (
			);
			inputPaths = (
				"${PODS_PODFILE_DIR_PATH}/Podfile.lock",
				"${PODS_ROOT}/Manifest.lock",
			);
			name = "[CP] Check Pods Manifest.lock";
			outputFileListPaths = (
			);
			outputPaths = (
				"$(DERIVED_FILE_DIR)/Pods-CountriesOfTheWorldTests-checkManifestLockResult.txt",
			);
			runOnlyForDeploymentPostprocessing = 0;
			shellPath = /bin/sh;
			shellScript = "diff \"${PODS_PODFILE_DIR_PATH}/Podfile.lock\" \"${PODS_ROOT}/Manifest.lock\" > /dev/null\nif [ $? != 0 ] ; then\n    # print error to STDERR\n    echo \"error: The sandbox is not in sync with the Podfile.lock. Run 'pod install' or update your CocoaPods installation.\" >&2\n    exit 1\nfi\n# This output is used by Xcode 'outputs' to avoid re-running this script phase.\necho \"SUCCESS\" > \"${SCRIPT_OUTPUT_FILE_0}\"\n";
			showEnvVarsInLog = 0;
		};
		F8AD4D384AEC78769D17ECCA /* [CP] Check Pods Manifest.lock */ = {
			isa = PBXShellScriptBuildPhase;
			buildActionMask = 2147483647;
			files = (
			);
			inputFileListPaths = (
			);
			inputPaths = (
				"${PODS_PODFILE_DIR_PATH}/Podfile.lock",
				"${PODS_ROOT}/Manifest.lock",
			);
			name = "[CP] Check Pods Manifest.lock";
			outputFileListPaths = (
			);
			outputPaths = (
				"$(DERIVED_FILE_DIR)/Pods-CountriesOfTheWorld-checkManifestLockResult.txt",
			);
			runOnlyForDeploymentPostprocessing = 0;
			shellPath = /bin/sh;
			shellScript = "diff \"${PODS_PODFILE_DIR_PATH}/Podfile.lock\" \"${PODS_ROOT}/Manifest.lock\" > /dev/null\nif [ $? != 0 ] ; then\n    # print error to STDERR\n    echo \"error: The sandbox is not in sync with the Podfile.lock. Run 'pod install' or update your CocoaPods installation.\" >&2\n    exit 1\nfi\n# This output is used by Xcode 'outputs' to avoid re-running this script phase.\necho \"SUCCESS\" > \"${SCRIPT_OUTPUT_FILE_0}\"\n";
			showEnvVarsInLog = 0;
		};
/* End PBXShellScriptBuildPhase section */

/* Begin PBXSourcesBuildPhase section */
		89E7267B274CE540002C063B /* Sources */ = {
			isa = PBXSourcesBuildPhase;
			buildActionMask = 2147483647;
			files = (
				89E91A8327618EE100C23801 /* DetailsFieldPlaceHolderView.swift in Sources */,
				89E91A8027617FAA00C23801 /* CountriesDetailsHeader.swift in Sources */,
				89E349F4275A640B007F4459 /* CellDecoratorView.swift in Sources */,
				89B28F6C274E9E34000C4C91 /* CountriesController.swift in Sources */,
				89E72683274CE540002C063B /* AppDelegate.swift in Sources */,
				0268C8AD2768F22F00A4EE96 /* UIStackViewExtensions.swift in Sources */,
				89E91A7E27616A7000C23801 /* UILabelExtensions.swift in Sources */,
				899EFCA9274FA0B1006254C4 /* R.generated.swift in Sources */,
				89B28F71274EB442000C4C91 /* Apollo.swift in Sources */,
				89E7268D274CE540002C063B /* (null) in Sources */,
				8940F733277DBCF1001B63F6 /* NetworkManager.swift in Sources */,
				89B28F78274EE7FE000C4C91 /* CountryViewCell.swift in Sources */,
				89B28F6F274EAA33000C4C91 /* API.swift in Sources */,
				89E349EE275A3028007F4459 /* CountriesHeader.swift in Sources */,
				89E72685274CE540002C063B /* SceneDelegate.swift in Sources */,
				89B28F73274EC812000C4C91 /* CountryDetailsController.swift in Sources */,
				89101A6E2758C3E600BC6846 /* UIColorExtensions.swift in Sources */,
			);
			runOnlyForDeploymentPostprocessing = 0;
		};
		89E72694274CE542002C063B /* Sources */ = {
			isa = PBXSourcesBuildPhase;
			buildActionMask = 2147483647;
			files = (
				89233D902783648E00AF129D /* CellDecoratorViewUnitTests.swift in Sources */,
				89E7269D274CE542002C063B /* CountriesExtensionsUnitTests.swift in Sources */,
				897DC51F27807D3B00F4136A /* CountryViewCellUnitTests.swift in Sources */,
				8940F739277DF806001B63F6 /* CountriesControllerUnitTests.swift in Sources */,
				8940F737277DE8A5001B63F6 /* UnitTestsMocks.swift in Sources */,
				89233D8C27834D2000AF129D /* CountriesDetailsControllerUnitTests.swift in Sources */,
			);
			runOnlyForDeploymentPostprocessing = 0;
		};
		89E7269E274CE542002C063B /* Sources */ = {
			isa = PBXSourcesBuildPhase;
			buildActionMask = 2147483647;
			files = (
				89E726A7274CE542002C063B /* CountriesUITests.swift in Sources */,
				89E726A9274CE542002C063B /* CountriesUITestsLaunchTests.swift in Sources */,
			);
			runOnlyForDeploymentPostprocessing = 0;
		};
/* End PBXSourcesBuildPhase section */

/* Begin PBXTargetDependency section */
		89E7269A274CE542002C063B /* PBXTargetDependency */ = {
			isa = PBXTargetDependency;
			target = 89E7267E274CE540002C063B /* CountriesOfTheWorld */;
			targetProxy = 89E72699274CE542002C063B /* PBXContainerItemProxy */;
		};
		89E726A4274CE542002C063B /* PBXTargetDependency */ = {
			isa = PBXTargetDependency;
			target = 89E7267E274CE540002C063B /* CountriesOfTheWorld */;
			targetProxy = 89E726A3274CE542002C063B /* PBXContainerItemProxy */;
		};
/* End PBXTargetDependency section */

/* Begin XCBuildConfiguration section */
		89E726AA274CE542002C063B /* Debug */ = {
			isa = XCBuildConfiguration;
			buildSettings = {
				ALWAYS_SEARCH_USER_PATHS = NO;
				CLANG_ANALYZER_NONNULL = YES;
				CLANG_ANALYZER_NUMBER_OBJECT_CONVERSION = YES_AGGRESSIVE;
				CLANG_CXX_LANGUAGE_STANDARD = "gnu++17";
				CLANG_CXX_LIBRARY = "libc++";
				CLANG_ENABLE_MODULES = YES;
				CLANG_ENABLE_OBJC_ARC = YES;
				CLANG_ENABLE_OBJC_WEAK = YES;
				CLANG_WARN_BLOCK_CAPTURE_AUTORELEASING = YES;
				CLANG_WARN_BOOL_CONVERSION = YES;
				CLANG_WARN_COMMA = YES;
				CLANG_WARN_CONSTANT_CONVERSION = YES;
				CLANG_WARN_DEPRECATED_OBJC_IMPLEMENTATIONS = YES;
				CLANG_WARN_DIRECT_OBJC_ISA_USAGE = YES_ERROR;
				CLANG_WARN_DOCUMENTATION_COMMENTS = YES;
				CLANG_WARN_EMPTY_BODY = YES;
				CLANG_WARN_ENUM_CONVERSION = YES;
				CLANG_WARN_INFINITE_RECURSION = YES;
				CLANG_WARN_INT_CONVERSION = YES;
				CLANG_WARN_NON_LITERAL_NULL_CONVERSION = YES;
				CLANG_WARN_OBJC_IMPLICIT_RETAIN_SELF = YES;
				CLANG_WARN_OBJC_LITERAL_CONVERSION = YES;
				CLANG_WARN_OBJC_ROOT_CLASS = YES_ERROR;
				CLANG_WARN_QUOTED_INCLUDE_IN_FRAMEWORK_HEADER = YES;
				CLANG_WARN_RANGE_LOOP_ANALYSIS = YES;
				CLANG_WARN_STRICT_PROTOTYPES = YES;
				CLANG_WARN_SUSPICIOUS_MOVE = YES;
				CLANG_WARN_UNGUARDED_AVAILABILITY = YES_AGGRESSIVE;
				CLANG_WARN_UNREACHABLE_CODE = YES;
				CLANG_WARN__DUPLICATE_METHOD_MATCH = YES;
				COPY_PHASE_STRIP = NO;
				DEBUG_INFORMATION_FORMAT = dwarf;
				ENABLE_STRICT_OBJC_MSGSEND = YES;
				ENABLE_TESTABILITY = YES;
				GCC_C_LANGUAGE_STANDARD = gnu11;
				GCC_DYNAMIC_NO_PIC = NO;
				GCC_NO_COMMON_BLOCKS = YES;
				GCC_OPTIMIZATION_LEVEL = 0;
				GCC_PREPROCESSOR_DEFINITIONS = (
					"DEBUG=1",
					"$(inherited)",
				);
				GCC_WARN_64_TO_32_BIT_CONVERSION = YES;
				GCC_WARN_ABOUT_RETURN_TYPE = YES_ERROR;
				GCC_WARN_UNDECLARED_SELECTOR = YES;
				GCC_WARN_UNINITIALIZED_AUTOS = YES_AGGRESSIVE;
				GCC_WARN_UNUSED_FUNCTION = YES;
				GCC_WARN_UNUSED_VARIABLE = YES;
				IPHONEOS_DEPLOYMENT_TARGET = 15.0;
				MTL_ENABLE_DEBUG_INFO = INCLUDE_SOURCE;
				MTL_FAST_MATH = YES;
				ONLY_ACTIVE_ARCH = YES;
				SDKROOT = iphoneos;
				SWIFT_ACTIVE_COMPILATION_CONDITIONS = DEBUG;
				SWIFT_OPTIMIZATION_LEVEL = "-Onone";
			};
			name = Debug;
		};
		89E726AB274CE542002C063B /* Release */ = {
			isa = XCBuildConfiguration;
			buildSettings = {
				ALWAYS_SEARCH_USER_PATHS = NO;
				CLANG_ANALYZER_NONNULL = YES;
				CLANG_ANALYZER_NUMBER_OBJECT_CONVERSION = YES_AGGRESSIVE;
				CLANG_CXX_LANGUAGE_STANDARD = "gnu++17";
				CLANG_CXX_LIBRARY = "libc++";
				CLANG_ENABLE_MODULES = YES;
				CLANG_ENABLE_OBJC_ARC = YES;
				CLANG_ENABLE_OBJC_WEAK = YES;
				CLANG_WARN_BLOCK_CAPTURE_AUTORELEASING = YES;
				CLANG_WARN_BOOL_CONVERSION = YES;
				CLANG_WARN_COMMA = YES;
				CLANG_WARN_CONSTANT_CONVERSION = YES;
				CLANG_WARN_DEPRECATED_OBJC_IMPLEMENTATIONS = YES;
				CLANG_WARN_DIRECT_OBJC_ISA_USAGE = YES_ERROR;
				CLANG_WARN_DOCUMENTATION_COMMENTS = YES;
				CLANG_WARN_EMPTY_BODY = YES;
				CLANG_WARN_ENUM_CONVERSION = YES;
				CLANG_WARN_INFINITE_RECURSION = YES;
				CLANG_WARN_INT_CONVERSION = YES;
				CLANG_WARN_NON_LITERAL_NULL_CONVERSION = YES;
				CLANG_WARN_OBJC_IMPLICIT_RETAIN_SELF = YES;
				CLANG_WARN_OBJC_LITERAL_CONVERSION = YES;
				CLANG_WARN_OBJC_ROOT_CLASS = YES_ERROR;
				CLANG_WARN_QUOTED_INCLUDE_IN_FRAMEWORK_HEADER = YES;
				CLANG_WARN_RANGE_LOOP_ANALYSIS = YES;
				CLANG_WARN_STRICT_PROTOTYPES = YES;
				CLANG_WARN_SUSPICIOUS_MOVE = YES;
				CLANG_WARN_UNGUARDED_AVAILABILITY = YES_AGGRESSIVE;
				CLANG_WARN_UNREACHABLE_CODE = YES;
				CLANG_WARN__DUPLICATE_METHOD_MATCH = YES;
				COPY_PHASE_STRIP = NO;
				DEBUG_INFORMATION_FORMAT = "dwarf-with-dsym";
				ENABLE_NS_ASSERTIONS = NO;
				ENABLE_STRICT_OBJC_MSGSEND = YES;
				GCC_C_LANGUAGE_STANDARD = gnu11;
				GCC_NO_COMMON_BLOCKS = YES;
				GCC_WARN_64_TO_32_BIT_CONVERSION = YES;
				GCC_WARN_ABOUT_RETURN_TYPE = YES_ERROR;
				GCC_WARN_UNDECLARED_SELECTOR = YES;
				GCC_WARN_UNINITIALIZED_AUTOS = YES_AGGRESSIVE;
				GCC_WARN_UNUSED_FUNCTION = YES;
				GCC_WARN_UNUSED_VARIABLE = YES;
				IPHONEOS_DEPLOYMENT_TARGET = 15.0;
				MTL_ENABLE_DEBUG_INFO = NO;
				MTL_FAST_MATH = YES;
				SDKROOT = iphoneos;
				SWIFT_COMPILATION_MODE = wholemodule;
				SWIFT_OPTIMIZATION_LEVEL = "-O";
				VALIDATE_PRODUCT = YES;
			};
			name = Release;
		};
		89E726AD274CE542002C063B /* Debug */ = {
			isa = XCBuildConfiguration;
			baseConfigurationReference = 6DD02905DE6C4A670BC8947E /* Pods-CountriesOfTheWorld.debug.xcconfig */;
			buildSettings = {
				ASSETCATALOG_COMPILER_APPICON_NAME = AppIcon;
				ASSETCATALOG_COMPILER_GLOBAL_ACCENT_COLOR_NAME = AccentColor;
				CODE_SIGN_STYLE = Automatic;
				CURRENT_PROJECT_VERSION = 1;
				DEVELOPMENT_ASSET_PATHS = CountriesOfTheWorld;
				DEVELOPMENT_TEAM = 4AZ42S98X5;
				GENERATE_INFOPLIST_FILE = YES;
				INFOPLIST_FILE = CountriesOfTheWorld/Info.plist;
				INFOPLIST_KEY_UIApplicationSupportsIndirectInputEvents = YES;
				INFOPLIST_KEY_UILaunchStoryboardName = LaunchScreen;
				INFOPLIST_KEY_UISupportedInterfaceOrientations_iPad = "UIInterfaceOrientationPortrait UIInterfaceOrientationPortraitUpsideDown UIInterfaceOrientationLandscapeLeft UIInterfaceOrientationLandscapeRight";
				INFOPLIST_KEY_UISupportedInterfaceOrientations_iPhone = "UIInterfaceOrientationPortrait UIInterfaceOrientationLandscapeLeft UIInterfaceOrientationLandscapeRight";
				IPHONEOS_DEPLOYMENT_TARGET = 14.0;
				LD_RUNPATH_SEARCH_PATHS = (
					"$(inherited)",
					"@executable_path/Frameworks",
				);
				MARKETING_VERSION = 1.0;
				PRODUCT_BUNDLE_IDENTIFIER = "Volodymyr-Seredovych.CountriesOfTheWorld";
				PRODUCT_NAME = "$(TARGET_NAME)";
				SWIFT_EMIT_LOC_STRINGS = YES;
				SWIFT_VERSION = 5.0;
				TARGETED_DEVICE_FAMILY = "1,2";
			};
			name = Debug;
		};
		89E726AE274CE542002C063B /* Release */ = {
			isa = XCBuildConfiguration;
			baseConfigurationReference = F8756F469F99BD13EFA57A65 /* Pods-CountriesOfTheWorld.release.xcconfig */;
			buildSettings = {
				ASSETCATALOG_COMPILER_APPICON_NAME = AppIcon;
				ASSETCATALOG_COMPILER_GLOBAL_ACCENT_COLOR_NAME = AccentColor;
				CODE_SIGN_STYLE = Automatic;
				CURRENT_PROJECT_VERSION = 1;
				DEVELOPMENT_ASSET_PATHS = CountriesOfTheWorld;
				DEVELOPMENT_TEAM = 4AZ42S98X5;
				GENERATE_INFOPLIST_FILE = YES;
				INFOPLIST_FILE = CountriesOfTheWorld/Info.plist;
				INFOPLIST_KEY_UIApplicationSupportsIndirectInputEvents = YES;
				INFOPLIST_KEY_UILaunchStoryboardName = LaunchScreen;
				INFOPLIST_KEY_UISupportedInterfaceOrientations_iPad = "UIInterfaceOrientationPortrait UIInterfaceOrientationPortraitUpsideDown UIInterfaceOrientationLandscapeLeft UIInterfaceOrientationLandscapeRight";
				INFOPLIST_KEY_UISupportedInterfaceOrientations_iPhone = "UIInterfaceOrientationPortrait UIInterfaceOrientationLandscapeLeft UIInterfaceOrientationLandscapeRight";
				IPHONEOS_DEPLOYMENT_TARGET = 14.0;
				LD_RUNPATH_SEARCH_PATHS = (
					"$(inherited)",
					"@executable_path/Frameworks",
				);
				MARKETING_VERSION = 1.0;
				PRODUCT_BUNDLE_IDENTIFIER = "Volodymyr-Seredovych.CountriesOfTheWorld";
				PRODUCT_NAME = "$(TARGET_NAME)";
				SWIFT_EMIT_LOC_STRINGS = YES;
				SWIFT_VERSION = 5.0;
				TARGETED_DEVICE_FAMILY = "1,2";
			};
			name = Release;
		};
		89E726B0274CE542002C063B /* Debug */ = {
			isa = XCBuildConfiguration;
			baseConfigurationReference = D3EE404D49C854E7C4C15868 /* Pods-CountriesOfTheWorldTests.debug.xcconfig */;
			buildSettings = {
				ALWAYS_EMBED_SWIFT_STANDARD_LIBRARIES = YES;
				BUNDLE_LOADER = "$(TEST_HOST)";
				CODE_SIGN_STYLE = Automatic;
				CURRENT_PROJECT_VERSION = 1;
				DEVELOPMENT_TEAM = 4AZ42S98X5;
				GENERATE_INFOPLIST_FILE = YES;
				IPHONEOS_DEPLOYMENT_TARGET = 15.0;
				LD_RUNPATH_SEARCH_PATHS = (
					"$(inherited)",
					"@executable_path/Frameworks",
					"@loader_path/Frameworks",
				);
				MARKETING_VERSION = 1.0;
				PRODUCT_BUNDLE_IDENTIFIER = "Volodymyr-Seredovych.CountriesTests";
				PRODUCT_NAME = "$(TARGET_NAME)";
				SWIFT_EMIT_LOC_STRINGS = NO;
				SWIFT_VERSION = 5.0;
				TARGETED_DEVICE_FAMILY = "1,2";
				TEST_HOST = "$(BUILT_PRODUCTS_DIR)/CountriesOfTheWorld.app/CountriesOfTheWorld";
			};
			name = Debug;
		};
		89E726B1274CE542002C063B /* Release */ = {
			isa = XCBuildConfiguration;
			baseConfigurationReference = 2FA7A4017883703FBD33B733 /* Pods-CountriesOfTheWorldTests.release.xcconfig */;
			buildSettings = {
				ALWAYS_EMBED_SWIFT_STANDARD_LIBRARIES = YES;
				BUNDLE_LOADER = "$(TEST_HOST)";
				CODE_SIGN_STYLE = Automatic;
				CURRENT_PROJECT_VERSION = 1;
				DEVELOPMENT_TEAM = 4AZ42S98X5;
				GENERATE_INFOPLIST_FILE = YES;
				IPHONEOS_DEPLOYMENT_TARGET = 15.0;
				LD_RUNPATH_SEARCH_PATHS = (
					"$(inherited)",
					"@executable_path/Frameworks",
					"@loader_path/Frameworks",
				);
				MARKETING_VERSION = 1.0;
				PRODUCT_BUNDLE_IDENTIFIER = "Volodymyr-Seredovych.CountriesTests";
				PRODUCT_NAME = "$(TARGET_NAME)";
				SWIFT_EMIT_LOC_STRINGS = NO;
				SWIFT_VERSION = 5.0;
				TARGETED_DEVICE_FAMILY = "1,2";
				TEST_HOST = "$(BUILT_PRODUCTS_DIR)/CountriesOfTheWorld.app/CountriesOfTheWorld";
			};
			name = Release;
		};
		89E726B3274CE542002C063B /* Debug */ = {
			isa = XCBuildConfiguration;
			baseConfigurationReference = 83E41B164AE13785989C8084 /* Pods-CountriesOfTheWorld-CountriesOfTheWorldUITests.debug.xcconfig */;
			buildSettings = {
				ALWAYS_EMBED_SWIFT_STANDARD_LIBRARIES = YES;
				CODE_SIGN_STYLE = Automatic;
				CURRENT_PROJECT_VERSION = 1;
				DEVELOPMENT_TEAM = 4AZ42S98X5;
				GENERATE_INFOPLIST_FILE = YES;
				LD_RUNPATH_SEARCH_PATHS = (
					"$(inherited)",
					"@executable_path/Frameworks",
					"@loader_path/Frameworks",
				);
				MARKETING_VERSION = 1.0;
				PRODUCT_BUNDLE_IDENTIFIER = "Volodymyr-Seredovych.CountriesUITests";
				PRODUCT_NAME = "$(TARGET_NAME)";
				SWIFT_EMIT_LOC_STRINGS = NO;
				SWIFT_VERSION = 5.0;
				TARGETED_DEVICE_FAMILY = "1,2";
				TEST_TARGET_NAME = Countries;
			};
			name = Debug;
		};
		89E726B4274CE542002C063B /* Release */ = {
			isa = XCBuildConfiguration;
			baseConfigurationReference = 4637B7DBEBE495C975CE82E1 /* Pods-CountriesOfTheWorld-CountriesOfTheWorldUITests.release.xcconfig */;
			buildSettings = {
				ALWAYS_EMBED_SWIFT_STANDARD_LIBRARIES = YES;
				CODE_SIGN_STYLE = Automatic;
				CURRENT_PROJECT_VERSION = 1;
				DEVELOPMENT_TEAM = 4AZ42S98X5;
				GENERATE_INFOPLIST_FILE = YES;
				LD_RUNPATH_SEARCH_PATHS = (
					"$(inherited)",
					"@executable_path/Frameworks",
					"@loader_path/Frameworks",
				);
				MARKETING_VERSION = 1.0;
				PRODUCT_BUNDLE_IDENTIFIER = "Volodymyr-Seredovych.CountriesUITests";
				PRODUCT_NAME = "$(TARGET_NAME)";
				SWIFT_EMIT_LOC_STRINGS = NO;
				SWIFT_VERSION = 5.0;
				TARGETED_DEVICE_FAMILY = "1,2";
				TEST_TARGET_NAME = Countries;
			};
			name = Release;
		};
/* End XCBuildConfiguration section */

/* Begin XCConfigurationList section */
		89E7267A274CE540002C063B /* Build configuration list for PBXProject "CountriesOfTheWorld" */ = {
			isa = XCConfigurationList;
			buildConfigurations = (
				89E726AA274CE542002C063B /* Debug */,
				89E726AB274CE542002C063B /* Release */,
			);
			defaultConfigurationIsVisible = 0;
			defaultConfigurationName = Release;
		};
		89E726AC274CE542002C063B /* Build configuration list for PBXNativeTarget "CountriesOfTheWorld" */ = {
			isa = XCConfigurationList;
			buildConfigurations = (
				89E726AD274CE542002C063B /* Debug */,
				89E726AE274CE542002C063B /* Release */,
			);
			defaultConfigurationIsVisible = 0;
			defaultConfigurationName = Release;
		};
		89E726AF274CE542002C063B /* Build configuration list for PBXNativeTarget "CountriesOfTheWorldTests" */ = {
			isa = XCConfigurationList;
			buildConfigurations = (
				89E726B0274CE542002C063B /* Debug */,
				89E726B1274CE542002C063B /* Release */,
			);
			defaultConfigurationIsVisible = 0;
			defaultConfigurationName = Release;
		};
		89E726B2274CE542002C063B /* Build configuration list for PBXNativeTarget "CountriesOfTheWorldUITests" */ = {
			isa = XCConfigurationList;
			buildConfigurations = (
				89E726B3274CE542002C063B /* Debug */,
				89E726B4274CE542002C063B /* Release */,
			);
			defaultConfigurationIsVisible = 0;
			defaultConfigurationName = Release;
		};
/* End XCConfigurationList section */
	};
	rootObject = 89E72677274CE540002C063B /* Project object */;
}
